
Microsoft Visual Studio Solution File, Format Version 12.00
# Visual Studio 14
VisualStudioVersion = 14.0.25420.1
MinimumVisualStudioVersion = 10.0.40219.1
Project("{FAE04EC0-301F-11D3-BF4B-00C04F79EFBC}") = "MissionsConsoleClient", "MissionsConsoleClient\MissionsConsoleClient.csproj", "{A081C718-8E2E-4D28-8100-A366CD081FF8}"
EndProject
Project("{FAE04EC0-301F-11D3-BF4B-00C04F79EFBC}") = "MissionsService", "MissionsService\MissionsService.csproj", "{948A41E1-3811-4257-A4C2-2DD24D82DE82}"
EndProject
Global
	GlobalSection(SolutionConfigurationPlatforms) = preSolution
		Debug|Any CPU = Debug|Any CPU
		Release|Any CPU = Release|Any CPU
	EndGlobalSection
	GlobalSection(ProjectConfigurationPlatforms) = postSolution
		{A081C718-8E2E-4D28-8100-A366CD081FF8}.Debug|Any CPU.ActiveCfg = Debug|Any CPU
		{A081C718-8E2E-4D28-8100-A366CD081FF8}.Debug|Any CPU.Build.0 = Debug|Any CPU
		{A081C718-8E2E-4D28-8100-A366CD081FF8}.Release|Any CPU.ActiveCfg = Release|Any CPU
		{A081C718-8E2E-4D28-8100-A366CD081FF8}.Release|Any CPU.Build.0 = Release|Any CPU
		{948A41E1-3811-4257-A4C2-2DD24D82DE82}.Debug|Any CPU.ActiveCfg = Debug|Any CPU
		{948A41E1-3811-4257-A4C2-2DD24D82DE82}.Debug|Any CPU.Build.0 = Debug|Any CPU
		{948A41E1-3811-4257-A4C2-2DD24D82DE82}.Release|Any CPU.ActiveCfg = Release|Any CPU
		{948A41E1-3811-4257-A4C2-2DD24D82DE82}.Release|Any CPU.Build.0 = Release|Any CPU
	EndGlobalSection
	GlobalSection(SolutionProperties) = preSolution
		HideSolutionNode = FALSE
	EndGlobalSection
EndGlobal
